
Microsoft Visual Studio Solution File, Format Version 12.00
# Visual Studio Version 17
VisualStudioVersion = 17.4.33205.214
MinimumVisualStudioVersion = 10.0.40219.1
Project("{FAE04EC0-301F-11D3-BF4B-00C04F79EFBC}") = "IDA_C-sh_ClassWork_16_DLL_testing", "IDA_C-sh_ClassWork_16_DLL_testing\IDA_C-sh_ClassWork_16_DLL_testing.csproj", "{11B3990A-0DE5-4EEF-8F9D-F3E312C169AA}"
EndProject
Global
	GlobalSection(SolutionConfigurationPlatforms) = preSolution
		Debug|Any CPU = Debug|Any CPU
		Release|Any CPU = Release|Any CPU
	EndGlobalSection
	GlobalSection(ProjectConfigurationPlatforms) = postSolution
		{11B3990A-0DE5-4EEF-8F9D-F3E312C169AA}.Debug|Any CPU.ActiveCfg = Debug|Any CPU
		{11B3990A-0DE5-4EEF-8F9D-F3E312C169AA}.Debug|Any CPU.Build.0 = Debug|Any CPU
		{11B3990A-0DE5-4EEF-8F9D-F3E312C169AA}.Release|Any CPU.ActiveCfg = Release|Any CPU
		{11B3990A-0DE5-4EEF-8F9D-F3E312C169AA}.Release|Any CPU.Build.0 = Release|Any CPU
	EndGlobalSection
	GlobalSection(SolutionProperties) = preSolution
		HideSolutionNode = FALSE
	EndGlobalSection
	GlobalSection(ExtensibilityGlobals) = postSolution
		SolutionGuid = {108B4C13-7F11-4778-9870-3D06149F3712}
	EndGlobalSection
EndGlobal
